
Microsoft Visual Studio Solution File, Format Version 12.00
# Visual Studio Version 17
VisualStudioVersion = 17.5.002.0
MinimumVisualStudioVersion = 10.0.40219.1
Project("{2150E333-8FDC-42A3-9474-1A3956D46DE8}") = "sandbox", "sandbox", "{2493FA52-68CB-418E-99A5-E4DC6FFE268F}"
EndProject
Project("{9A19103F-16F7-4668-BE54-9A1E7A4F7556}") = "sandbox_project", "sandbox\sandbox_project\sandbox_project.csproj", "{A57A0ECA-AE5E-4A77-BC05-AD16527F02C1}"
EndProject
Project("{2150E333-8FDC-42A3-9474-1A3956D46DE8}") = "week01", "week01", "{AF7DD743-B209-48F1-A494-B3820D7CBF4F}"
EndProject
Project("{9A19103F-16F7-4668-BE54-9A1E7A4F7556}") = "analyze", "week01\analyze\analyze.csproj", "{0DBC74BD-E16A-4C9D-BEBC-90F07AE4AEFC}"
EndProject
Project("{9A19103F-16F7-4668-BE54-9A1E7A4F7556}") = "code", "week01\code\code.csproj", "{2169C999-E81D-4E43-9F08-F8A56A317668}"
EndProject
Project("{9A19103F-16F7-4668-BE54-9A1E7A4F7556}") = "teach", "week01\teach\teach.csproj", "{11D38A31-82F6-47B3-972D-80267CA11AF9}"
EndProject
Project("{2150E333-8FDC-42A3-9474-1A3956D46DE8}") = "week02", "week02", "{CE7A1866-5137-4ABF-AD5E-77BA655E9660}"
EndProject
Project("{9A19103F-16F7-4668-BE54-9A1E7A4F7556}") = "analyze", "week02\analyze\analyze.csproj", "{88360BAC-443E-4851-A9B3-8A049861CF20}"
EndProject
Project("{9A19103F-16F7-4668-BE54-9A1E7A4F7556}") = "code", "week02\code\code.csproj", "{4697FA70-0535-40ED-811C-5A1096CE931A}"
EndProject
Project("{9A19103F-16F7-4668-BE54-9A1E7A4F7556}") = "learn", "week02\learn\learn.csproj", "{FA651724-741A-4E16-92FC-60D8337AB22B}"
EndProject
Project("{9A19103F-16F7-4668-BE54-9A1E7A4F7556}") = "teach", "week02\teach\teach.csproj", "{9718F27C-9425-42C1-9A9F-81B774AD86E9}"
EndProject
Project("{2150E333-8FDC-42A3-9474-1A3956D46DE8}") = "week03", "week03", "{6C5A362D-65AF-454A-84B3-D0C47A9E2629}"
EndProject
Project("{9A19103F-16F7-4668-BE54-9A1E7A4F7556}") = "code", "week03\code\code.csproj", "{CF24C0BE-145B-4059-9951-54B0D1E5CB21}"
EndProject
Project("{9A19103F-16F7-4668-BE54-9A1E7A4F7556}") = "learn", "week03\learn\learn.csproj", "{7AEDF27B-A0D7-4E24-B035-901785AA030C}"
EndProject
Project("{9A19103F-16F7-4668-BE54-9A1E7A4F7556}") = "teach", "week03\teach\teach.csproj", "{C9BD353E-83E3-4C52-9890-0A886946241B}"
EndProject
Project("{2150E333-8FDC-42A3-9474-1A3956D46DE8}") = "week04", "week04", "{300BBBAF-2183-4DF5-AE56-ACB77E7C2603}"
EndProject
Project("{9A19103F-16F7-4668-BE54-9A1E7A4F7556}") = "code", "week04\code\code.csproj", "{AFE35204-7E59-4634-960D-9DDB37AA0276}"
EndProject
Project("{2150E333-8FDC-42A3-9474-1A3956D46DE8}") = "week05", "week05", "{782D4632-CFC5-4137-80E1-4A704DDEC723}"
EndProject
Project("{9A19103F-16F7-4668-BE54-9A1E7A4F7556}") = "code", "week05\code\code.csproj", "{30845E84-85EE-44C4-A9C3-2B97C502891C}"
EndProject
Project("{2150E333-8FDC-42A3-9474-1A3956D46DE8}") = "week06", "week06", "{8D271FD3-7366-4EE7-AA0B-0E777665895C}"
EndProject
Project("{9A19103F-16F7-4668-BE54-9A1E7A4F7556}") = "code", "week06\code\code.csproj", "{E7963B0A-942B-40DE-8522-ABDBE97655D0}"
EndProject
Global
	GlobalSection(SolutionConfigurationPlatforms) = preSolution
		Debug|Any CPU = Debug|Any CPU
		Release|Any CPU = Release|Any CPU
	EndGlobalSection
	GlobalSection(ProjectConfigurationPlatforms) = postSolution
		{A57A0ECA-AE5E-4A77-BC05-AD16527F02C1}.Debug|Any CPU.ActiveCfg = Debug|Any CPU
		{A57A0ECA-AE5E-4A77-BC05-AD16527F02C1}.Debug|Any CPU.Build.0 = Debug|Any CPU
		{A57A0ECA-AE5E-4A77-BC05-AD16527F02C1}.Release|Any CPU.ActiveCfg = Release|Any CPU
		{A57A0ECA-AE5E-4A77-BC05-AD16527F02C1}.Release|Any CPU.Build.0 = Release|Any CPU
		{0DBC74BD-E16A-4C9D-BEBC-90F07AE4AEFC}.Debug|Any CPU.ActiveCfg = Debug|Any CPU
		{0DBC74BD-E16A-4C9D-BEBC-90F07AE4AEFC}.Debug|Any CPU.Build.0 = Debug|Any CPU
		{0DBC74BD-E16A-4C9D-BEBC-90F07AE4AEFC}.Release|Any CPU.ActiveCfg = Release|Any CPU
		{0DBC74BD-E16A-4C9D-BEBC-90F07AE4AEFC}.Release|Any CPU.Build.0 = Release|Any CPU
		{2169C999-E81D-4E43-9F08-F8A56A317668}.Debug|Any CPU.ActiveCfg = Debug|Any CPU
		{2169C999-E81D-4E43-9F08-F8A56A317668}.Debug|Any CPU.Build.0 = Debug|Any CPU
		{2169C999-E81D-4E43-9F08-F8A56A317668}.Release|Any CPU.ActiveCfg = Release|Any CPU
		{2169C999-E81D-4E43-9F08-F8A56A317668}.Release|Any CPU.Build.0 = Release|Any CPU
		{11D38A31-82F6-47B3-972D-80267CA11AF9}.Debug|Any CPU.ActiveCfg = Debug|Any CPU
		{11D38A31-82F6-47B3-972D-80267CA11AF9}.Debug|Any CPU.Build.0 = Debug|Any CPU
		{11D38A31-82F6-47B3-972D-80267CA11AF9}.Release|Any CPU.ActiveCfg = Release|Any CPU
		{11D38A31-82F6-47B3-972D-80267CA11AF9}.Release|Any CPU.Build.0 = Release|Any CPU
		{88360BAC-443E-4851-A9B3-8A049861CF20}.Debug|Any CPU.ActiveCfg = Debug|Any CPU
		{88360BAC-443E-4851-A9B3-8A049861CF20}.Debug|Any CPU.Build.0 = Debug|Any CPU
		{88360BAC-443E-4851-A9B3-8A049861CF20}.Release|Any CPU.ActiveCfg = Release|Any CPU
		{88360BAC-443E-4851-A9B3-8A049861CF20}.Release|Any CPU.Build.0 = Release|Any CPU
		{4697FA70-0535-40ED-811C-5A1096CE931A}.Debug|Any CPU.ActiveCfg = Debug|Any CPU
		{4697FA70-0535-40ED-811C-5A1096CE931A}.Debug|Any CPU.Build.0 = Debug|Any CPU
		{4697FA70-0535-40ED-811C-5A1096CE931A}.Release|Any CPU.ActiveCfg = Release|Any CPU
		{4697FA70-0535-40ED-811C-5A1096CE931A}.Release|Any CPU.Build.0 = Release|Any CPU
		{FA651724-741A-4E16-92FC-60D8337AB22B}.Debug|Any CPU.ActiveCfg = Debug|Any CPU
		{FA651724-741A-4E16-92FC-60D8337AB22B}.Debug|Any CPU.Build.0 = Debug|Any CPU
		{FA651724-741A-4E16-92FC-60D8337AB22B}.Release|Any CPU.ActiveCfg = Release|Any CPU
		{FA651724-741A-4E16-92FC-60D8337AB22B}.Release|Any CPU.Build.0 = Release|Any CPU
		{9718F27C-9425-42C1-9A9F-81B774AD86E9}.Debug|Any CPU.ActiveCfg = Debug|Any CPU
		{9718F27C-9425-42C1-9A9F-81B774AD86E9}.Debug|Any CPU.Build.0 = Debug|Any CPU
		{9718F27C-9425-42C1-9A9F-81B774AD86E9}.Release|Any CPU.ActiveCfg = Release|Any CPU
		{9718F27C-9425-42C1-9A9F-81B774AD86E9}.Release|Any CPU.Build.0 = Release|Any CPU
		{CF24C0BE-145B-4059-9951-54B0D1E5CB21}.Debug|Any CPU.ActiveCfg = Debug|Any CPU
		{CF24C0BE-145B-4059-9951-54B0D1E5CB21}.Debug|Any CPU.Build.0 = Debug|Any CPU
		{CF24C0BE-145B-4059-9951-54B0D1E5CB21}.Release|Any CPU.ActiveCfg = Release|Any CPU
		{CF24C0BE-145B-4059-9951-54B0D1E5CB21}.Release|Any CPU.Build.0 = Release|Any CPU
		{7AEDF27B-A0D7-4E24-B035-901785AA030C}.Debug|Any CPU.ActiveCfg = Debug|Any CPU
		{7AEDF27B-A0D7-4E24-B035-901785AA030C}.Debug|Any CPU.Build.0 = Debug|Any CPU
		{7AEDF27B-A0D7-4E24-B035-901785AA030C}.Release|Any CPU.ActiveCfg = Release|Any CPU
		{7AEDF27B-A0D7-4E24-B035-901785AA030C}.Release|Any CPU.Build.0 = Release|Any CPU
		{C9BD353E-83E3-4C52-9890-0A886946241B}.Debug|Any CPU.ActiveCfg = Debug|Any CPU
		{C9BD353E-83E3-4C52-9890-0A886946241B}.Debug|Any CPU.Build.0 = Debug|Any CPU
		{C9BD353E-83E3-4C52-9890-0A886946241B}.Release|Any CPU.ActiveCfg = Release|Any CPU
		{C9BD353E-83E3-4C52-9890-0A886946241B}.Release|Any CPU.Build.0 = Release|Any CPU
		{AFE35204-7E59-4634-960D-9DDB37AA0276}.Debug|Any CPU.ActiveCfg = Debug|Any CPU
		{AFE35204-7E59-4634-960D-9DDB37AA0276}.Debug|Any CPU.Build.0 = Debug|Any CPU
		{AFE35204-7E59-4634-960D-9DDB37AA0276}.Release|Any CPU.ActiveCfg = Release|Any CPU
		{AFE35204-7E59-4634-960D-9DDB37AA0276}.Release|Any CPU.Build.0 = Release|Any CPU
		{30845E84-85EE-44C4-A9C3-2B97C502891C}.Debug|Any CPU.ActiveCfg = Debug|Any CPU
		{30845E84-85EE-44C4-A9C3-2B97C502891C}.Debug|Any CPU.Build.0 = Debug|Any CPU
		{30845E84-85EE-44C4-A9C3-2B97C502891C}.Release|Any CPU.ActiveCfg = Release|Any CPU
		{30845E84-85EE-44C4-A9C3-2B97C502891C}.Release|Any CPU.Build.0 = Release|Any CPU
		{E7963B0A-942B-40DE-8522-ABDBE97655D0}.Debug|Any CPU.ActiveCfg = Debug|Any CPU
		{E7963B0A-942B-40DE-8522-ABDBE97655D0}.Debug|Any CPU.Build.0 = Debug|Any CPU
		{E7963B0A-942B-40DE-8522-ABDBE97655D0}.Release|Any CPU.ActiveCfg = Release|Any CPU
		{E7963B0A-942B-40DE-8522-ABDBE97655D0}.Release|Any CPU.Build.0 = Release|Any CPU
	EndGlobalSection
	GlobalSection(SolutionProperties) = preSolution
		HideSolutionNode = FALSE
	EndGlobalSection
	GlobalSection(NestedProjects) = preSolution
		{A57A0ECA-AE5E-4A77-BC05-AD16527F02C1} = {2493FA52-68CB-418E-99A5-E4DC6FFE268F}
		{0DBC74BD-E16A-4C9D-BEBC-90F07AE4AEFC} = {AF7DD743-B209-48F1-A494-B3820D7CBF4F}
		{2169C999-E81D-4E43-9F08-F8A56A317668} = {AF7DD743-B209-48F1-A494-B3820D7CBF4F}
		{11D38A31-82F6-47B3-972D-80267CA11AF9} = {AF7DD743-B209-48F1-A494-B3820D7CBF4F}
		{88360BAC-443E-4851-A9B3-8A049861CF20} = {CE7A1866-5137-4ABF-AD5E-77BA655E9660}
		{4697FA70-0535-40ED-811C-5A1096CE931A} = {CE7A1866-5137-4ABF-AD5E-77BA655E9660}
		{FA651724-741A-4E16-92FC-60D8337AB22B} = {CE7A1866-5137-4ABF-AD5E-77BA655E9660}
		{9718F27C-9425-42C1-9A9F-81B774AD86E9} = {CE7A1866-5137-4ABF-AD5E-77BA655E9660}
		{CF24C0BE-145B-4059-9951-54B0D1E5CB21} = {6C5A362D-65AF-454A-84B3-D0C47A9E2629}
		{7AEDF27B-A0D7-4E24-B035-901785AA030C} = {6C5A362D-65AF-454A-84B3-D0C47A9E2629}
		{C9BD353E-83E3-4C52-9890-0A886946241B} = {6C5A362D-65AF-454A-84B3-D0C47A9E2629}
		{AFE35204-7E59-4634-960D-9DDB37AA0276} = {300BBBAF-2183-4DF5-AE56-ACB77E7C2603}
		{30845E84-85EE-44C4-A9C3-2B97C502891C} = {782D4632-CFC5-4137-80E1-4A704DDEC723}
		{E7963B0A-942B-40DE-8522-ABDBE97655D0} = {8D271FD3-7366-4EE7-AA0B-0E777665895C}
	EndGlobalSection
	GlobalSection(ExtensibilityGlobals) = postSolution
		SolutionGuid = {E74C28EE-8DCA-47FC-B9D7-34D1B1B3D4B3}
	EndGlobalSection
EndGlobal
